
Microsoft Visual Studio Solution File, Format Version 12.00
# Visual Studio Version 16
VisualStudioVersion = 16.0.33423.256
MinimumVisualStudioVersion = 10.0.40219.1
Project("{9A19103F-16F7-4668-BE54-9A1E7A4F7556}") = "PayCompute", "PayCompute\PayCompute.csproj", "{01FEF80B-0680-4BFC-8E8D-4D15B75F4C31}"
EndProject
Project("{9A19103F-16F7-4668-BE54-9A1E7A4F7556}") = "PayCompute.Services", "PayCompute.Services\PayCompute.Services.csproj", "{018C9DC9-EFCA-4028-8930-8DFCB4830C3A}"
EndProject
Project("{9A19103F-16F7-4668-BE54-9A1E7A4F7556}") = "PayCompute.Persistance", "PayCompute.Persistance\PayCompute.Persistance.csproj", "{C9B57D99-5A11-4847-AD67-4B08A1182BF5}"
EndProject
Project("{9A19103F-16F7-4668-BE54-9A1E7A4F7556}") = "PayCompute.Entity", "PayCompute.Entity\PayCompute.Entity.csproj", "{33DDEB29-3D48-4D3F-AEEF-9DF067C72DB9}"
EndProject
Global
	GlobalSection(SolutionConfigurationPlatforms) = preSolution
		Debug|Any CPU = Debug|Any CPU
		Release|Any CPU = Release|Any CPU
	EndGlobalSection
	GlobalSection(ProjectConfigurationPlatforms) = postSolution
		{01FEF80B-0680-4BFC-8E8D-4D15B75F4C31}.Debug|Any CPU.ActiveCfg = Debug|Any CPU
		{01FEF80B-0680-4BFC-8E8D-4D15B75F4C31}.Debug|Any CPU.Build.0 = Debug|Any CPU
		{01FEF80B-0680-4BFC-8E8D-4D15B75F4C31}.Release|Any CPU.ActiveCfg = Release|Any CPU
		{01FEF80B-0680-4BFC-8E8D-4D15B75F4C31}.Release|Any CPU.Build.0 = Release|Any CPU
		{018C9DC9-EFCA-4028-8930-8DFCB4830C3A}.Debug|Any CPU.ActiveCfg = Debug|Any CPU
		{018C9DC9-EFCA-4028-8930-8DFCB4830C3A}.Debug|Any CPU.Build.0 = Debug|Any CPU
		{018C9DC9-EFCA-4028-8930-8DFCB4830C3A}.Release|Any CPU.ActiveCfg = Release|Any CPU
		{018C9DC9-EFCA-4028-8930-8DFCB4830C3A}.Release|Any CPU.Build.0 = Release|Any CPU
		{C9B57D99-5A11-4847-AD67-4B08A1182BF5}.Debug|Any CPU.ActiveCfg = Debug|Any CPU
		{C9B57D99-5A11-4847-AD67-4B08A1182BF5}.Debug|Any CPU.Build.0 = Debug|Any CPU
		{C9B57D99-5A11-4847-AD67-4B08A1182BF5}.Release|Any CPU.ActiveCfg = Release|Any CPU
		{C9B57D99-5A11-4847-AD67-4B08A1182BF5}.Release|Any CPU.Build.0 = Release|Any CPU
		{33DDEB29-3D48-4D3F-AEEF-9DF067C72DB9}.Debug|Any CPU.ActiveCfg = Debug|Any CPU
		{33DDEB29-3D48-4D3F-AEEF-9DF067C72DB9}.Debug|Any CPU.Build.0 = Debug|Any CPU
		{33DDEB29-3D48-4D3F-AEEF-9DF067C72DB9}.Release|Any CPU.ActiveCfg = Release|Any CPU
		{33DDEB29-3D48-4D3F-AEEF-9DF067C72DB9}.Release|Any CPU.Build.0 = Release|Any CPU
	EndGlobalSection
	GlobalSection(SolutionProperties) = preSolution
		HideSolutionNode = FALSE
	EndGlobalSection
	GlobalSection(ExtensibilityGlobals) = postSolution
		SolutionGuid = {E5BF83CE-012A-4AB0-90B6-38D341A91683}
	EndGlobalSection
EndGlobal
